{
  "name": "mock-servicer",
  "version": "1.3.0",
  "lockfileVersion": 2,
  "requires": true,
  "packages": {
    "": {
      "name": "mock-servicer",
      "version": "1.3.0",
      "license": "MIT",
      "dependencies": {
        "@hai2007/nodejs": "^2.2.0",
        "@hai2007/tool": "^0.6.6",
        "hash-sum": "^2.0.0",
        "mockjs": "^1.1.0"
      },
      "bin": {
        "mock-servicer": "bin/run"
      }
    },
    "node_modules/@hai2007/nodejs": {
      "version": "2.2.0",
      "resolved": "https://registry.npmjs.org/@hai2007/nodejs/-/nodejs-2.2.0.tgz",
      "integrity": "sha512-9gN0YMKIfBESL5cirQXrxRgpM9pXjngAFc02HEaLOrmJoQiq8jjQWVUtW7rIbx/5SB3ewzLBt0AOVHcxrjhyfg==",
      "dependencies": {
        "@hai2007/tool": "^0.6.1"
      },
      "bin": {
        "nodejs": "bin/run"
      }
    },
    "node_modules/@hai2007/tool": {
      "version": "0.6.6",
      "resolved": "https://registry.npmjs.org/@hai2007/tool/-/tool-0.6.6.tgz",
      "integrity": "sha512-NY+oSmnB2ihepJBDFw+2S6vUvJ+lj9AtibioWBbkEn2w/QOY+wNKBT1xgg0nstxx5ljWLd2oS9WqOPY/q7rICA=="
    },
    "node_modules/commander": {
      "version": "7.2.0",
      "resolved": "https://registry.npmjs.org/commander/-/commander-7.2.0.tgz",
      "integrity": "sha512-QrWXB+ZQSVPmIWIhtEO9H+gwHaMGYiF5ChvoJ+K9ZGHG/sVsa6yiesAD1GC/x46sET00Xlwo1u49RVVVzvcSkw==",
      "engines": {
        "node": ">= 10"
      }
    },
    "node_modules/hash-sum": {
      "version": "2.0.0",
      "resolved": "https://registry.npmjs.org/hash-sum/-/hash-sum-2.0.0.tgz",
      "integrity": "sha512-WdZTbAByD+pHfl/g9QSsBIIwy8IT+EsPiKDs0KNX+zSHhdDLFKdZu0BQHljvO+0QI/BasbMSUa8wYNCZTvhslg=="
    },
    "node_modules/mockjs": {
      "version": "1.1.0",
      "resolved": "https://registry.npmjs.org/mockjs/-/mockjs-1.1.0.tgz",
      "integrity": "sha512-eQsKcWzIaZzEZ07NuEyO4Nw65g0hdWAyurVol1IPl1gahRwY+svqzfgfey8U8dahLwG44d6/RwEzuK52rSa/JQ==",
      "dependencies": {
        "commander": "*"
      },
      "bin": {
        "random": "bin/random"
      }
    }
  },
  "dependencies": {
    "@hai2007/nodejs": {
      "version": "2.2.0",
      "resolved": "https://registry.npmjs.org/@hai2007/nodejs/-/nodejs-2.2.0.tgz",
      "integrity": "sha512-9gN0YMKIfBESL5cirQXrxRgpM9pXjngAFc02HEaLOrmJoQiq8jjQWVUtW7rIbx/5SB3ewzLBt0AOVHcxrjhyfg==",
      "requires": {
        "@hai2007/tool": "^0.6.1"
      }
    },
    "@hai2007/tool": {
      "version": "0.6.6",
      "resolved": "https://registry.npmjs.org/@hai2007/tool/-/tool-0.6.6.tgz",
      "integrity": "sha512-NY+oSmnB2ihepJBDFw+2S6vUvJ+lj9AtibioWBbkEn2w/QOY+wNKBT1xgg0nstxx5ljWLd2oS9WqOPY/q7rICA=="
    },
    "commander": {
      "version": "7.2.0",
      "resolved": "https://registry.npmjs.org/commander/-/commander-7.2.0.tgz",
      "integrity": "sha512-QrWXB+ZQSVPmIWIhtEO9H+gwHaMGYiF5ChvoJ+K9ZGHG/sVsa6yiesAD1GC/x46sET00Xlwo1u49RVVVzvcSkw=="
    },
    "hash-sum": {
      "version": "2.0.0",
      "resolved": "https://registry.npmjs.org/hash-sum/-/hash-sum-2.0.0.tgz",
      "integrity": "sha512-WdZTbAByD+pHfl/g9QSsBIIwy8IT+EsPiKDs0KNX+zSHhdDLFKdZu0BQHljvO+0QI/BasbMSUa8wYNCZTvhslg=="
    },
    "mockjs": {
      "version": "1.1.0",
      "resolved": "https://registry.npmjs.org/mockjs/-/mockjs-1.1.0.tgz",
      "integrity": "sha512-eQsKcWzIaZzEZ07NuEyO4Nw65g0hdWAyurVol1IPl1gahRwY+svqzfgfey8U8dahLwG44d6/RwEzuK52rSa/JQ==",
      "requires": {
        "commander": "*"
      }
    }
  }
}
